
Microsoft Visual Studio Solution File, Format Version 12.00
# Visual Studio Version 16
VisualStudioVersion = 16.0.31424.327
MinimumVisualStudioVersion = 10.0.40219.1
Project("{2150E333-8FDC-42A3-9474-1A3956D46DE8}") = "Play.Catalog", "Play.Catalog", "{DB48101E-F530-4274-B972-D6E79DF459DB}"
EndProject
Project("{2150E333-8FDC-42A3-9474-1A3956D46DE8}") = "Solution Items", "Solution Items", "{0B6B799A-3AD0-4DE1-89F9-BB863B37740A}"
	ProjectSection(SolutionItems) = preProject
		.gitignore = .gitignore
		docker-documentation.txt = docker-documentation.txt
	EndProjectSection
EndProject
Project("{2150E333-8FDC-42A3-9474-1A3956D46DE8}") = "Play.Common", "Play.Common", "{B674FC97-540E-4143-B6D4-52FC87A289B1}"
EndProject
Project("{9A19103F-16F7-4668-BE54-9A1E7A4F7556}") = "Play.Common", "Play.Common\Play.Common\Play.Common.csproj", "{F7AAD040-4519-429A-BC62-230572338782}"
EndProject
Project("{2150E333-8FDC-42A3-9474-1A3956D46DE8}") = "Play.Infrastructure", "Play.Infrastructure", "{7BE97CC5-B0BE-4FD2-A9C8-CBD854D4D240}"
	ProjectSection(SolutionItems) = preProject
		Play.Infrastructure\docker-compose.yml = Play.Infrastructure\docker-compose.yml
	EndProjectSection
EndProject
Project("{2150E333-8FDC-42A3-9474-1A3956D46DE8}") = "Play.Inventory", "Play.Inventory", "{0652E913-22AD-4B00-AC51-6DE402B5D504}"
EndProject
Project("{9A19103F-16F7-4668-BE54-9A1E7A4F7556}") = "Play.Catalog.Service", "Play.Catalog\Play.Catalog.Service\Play.Catalog.Service.csproj", "{95B0D1C6-7DB3-4B1E-89DF-3A15836B39B5}"
EndProject
Project("{9A19103F-16F7-4668-BE54-9A1E7A4F7556}") = "Play.Inventory.Service", "Play.Inventory\Play.Inventory.Service\Play.Inventory.Service.csproj", "{257C95B4-EECE-4773-9417-C490391C9456}"
EndProject
Project("{9A19103F-16F7-4668-BE54-9A1E7A4F7556}") = "Play.Catalog.Contracts", "Play.Catalog\Play.Catalog.Contracts\Play.Catalog.Contracts.csproj", "{3847DFE5-8905-4E92-A0ED-031906049C59}"
EndProject
Project("{2150E333-8FDC-42A3-9474-1A3956D46DE8}") = "Play.Client", "Play.Client", "{67F4C7CF-D6A8-48EC-AA77-9245833A43EB}"
EndProject
Project("{E24C65DC-7377-472B-9ABA-BC803B73C61A}") = "Play.Client", "Play.Client\", "{FA2FE952-3667-4E50-A28C-261E1080666C}"
	ProjectSection(WebsiteProperties) = preProject
		TargetFrameworkMoniker = ".NETFramework,Version%3Dv4.0"
		Debug.AspNetCompiler.VirtualPath = "/localhost_50456"
		Debug.AspNetCompiler.PhysicalPath = "Play.Client\"
		Debug.AspNetCompiler.TargetPath = "PrecompiledWeb\localhost_50456\"
		Debug.AspNetCompiler.Updateable = "true"
		Debug.AspNetCompiler.ForceOverwrite = "true"
		Debug.AspNetCompiler.FixedNames = "false"
		Debug.AspNetCompiler.Debug = "True"
		Release.AspNetCompiler.VirtualPath = "/localhost_50456"
		Release.AspNetCompiler.PhysicalPath = "Play.Client\"
		Release.AspNetCompiler.TargetPath = "PrecompiledWeb\localhost_50456\"
		Release.AspNetCompiler.Updateable = "true"
		Release.AspNetCompiler.ForceOverwrite = "true"
		Release.AspNetCompiler.FixedNames = "false"
		Release.AspNetCompiler.Debug = "False"
		VWDPort = "50456"
		SlnRelativePath = "Play.Client\"
	EndProjectSection
EndProject
Global
	GlobalSection(SolutionConfigurationPlatforms) = preSolution
		Debug|Any CPU = Debug|Any CPU
		Release|Any CPU = Release|Any CPU
	EndGlobalSection
	GlobalSection(ProjectConfigurationPlatforms) = postSolution
		{F7AAD040-4519-429A-BC62-230572338782}.Debug|Any CPU.ActiveCfg = Debug|Any CPU
		{F7AAD040-4519-429A-BC62-230572338782}.Debug|Any CPU.Build.0 = Debug|Any CPU
		{F7AAD040-4519-429A-BC62-230572338782}.Release|Any CPU.ActiveCfg = Release|Any CPU
		{F7AAD040-4519-429A-BC62-230572338782}.Release|Any CPU.Build.0 = Release|Any CPU
		{95B0D1C6-7DB3-4B1E-89DF-3A15836B39B5}.Debug|Any CPU.ActiveCfg = Debug|Any CPU
		{95B0D1C6-7DB3-4B1E-89DF-3A15836B39B5}.Debug|Any CPU.Build.0 = Debug|Any CPU
		{95B0D1C6-7DB3-4B1E-89DF-3A15836B39B5}.Release|Any CPU.ActiveCfg = Release|Any CPU
		{95B0D1C6-7DB3-4B1E-89DF-3A15836B39B5}.Release|Any CPU.Build.0 = Release|Any CPU
		{257C95B4-EECE-4773-9417-C490391C9456}.Debug|Any CPU.ActiveCfg = Debug|Any CPU
		{257C95B4-EECE-4773-9417-C490391C9456}.Debug|Any CPU.Build.0 = Debug|Any CPU
		{257C95B4-EECE-4773-9417-C490391C9456}.Release|Any CPU.ActiveCfg = Release|Any CPU
		{257C95B4-EECE-4773-9417-C490391C9456}.Release|Any CPU.Build.0 = Release|Any CPU
		{3847DFE5-8905-4E92-A0ED-031906049C59}.Debug|Any CPU.ActiveCfg = Debug|Any CPU
		{3847DFE5-8905-4E92-A0ED-031906049C59}.Debug|Any CPU.Build.0 = Debug|Any CPU
		{3847DFE5-8905-4E92-A0ED-031906049C59}.Release|Any CPU.ActiveCfg = Release|Any CPU
		{3847DFE5-8905-4E92-A0ED-031906049C59}.Release|Any CPU.Build.0 = Release|Any CPU
		{FA2FE952-3667-4E50-A28C-261E1080666C}.Debug|Any CPU.ActiveCfg = Debug|Any CPU
		{FA2FE952-3667-4E50-A28C-261E1080666C}.Debug|Any CPU.Build.0 = Debug|Any CPU
		{FA2FE952-3667-4E50-A28C-261E1080666C}.Release|Any CPU.ActiveCfg = Debug|Any CPU
		{FA2FE952-3667-4E50-A28C-261E1080666C}.Release|Any CPU.Build.0 = Debug|Any CPU
	EndGlobalSection
	GlobalSection(SolutionProperties) = preSolution
		HideSolutionNode = FALSE
	EndGlobalSection
	GlobalSection(NestedProjects) = preSolution
		{F7AAD040-4519-429A-BC62-230572338782} = {B674FC97-540E-4143-B6D4-52FC87A289B1}
		{95B0D1C6-7DB3-4B1E-89DF-3A15836B39B5} = {DB48101E-F530-4274-B972-D6E79DF459DB}
		{257C95B4-EECE-4773-9417-C490391C9456} = {0652E913-22AD-4B00-AC51-6DE402B5D504}
		{3847DFE5-8905-4E92-A0ED-031906049C59} = {DB48101E-F530-4274-B972-D6E79DF459DB}
		{FA2FE952-3667-4E50-A28C-261E1080666C} = {67F4C7CF-D6A8-48EC-AA77-9245833A43EB}
	EndGlobalSection
	GlobalSection(ExtensibilityGlobals) = postSolution
		SolutionGuid = {AF2BFBD1-4205-4D82-873C-70A352C2F496}
	EndGlobalSection
EndGlobal
